
Microsoft Visual Studio Solution File, Format Version 12.00
# Visual Studio Version 17
VisualStudioVersion = 17.11.35327.3
MinimumVisualStudioVersion = 10.0.40219.1
Project("{8BC9CEB8-8B4A-11D0-8D11-00A0C91BC942}") = "Atm Machine first semester project", "Atm Machine first semester project.vcxproj", "{047944ED-11A3-44B6-A142-B99078669388}"
EndProject
Global
	GlobalSection(SolutionConfigurationPlatforms) = preSolution
		Debug|x64 = Debug|x64
		Debug|x86 = Debug|x86
		Release|x64 = Release|x64
		Release|x86 = Release|x86
	EndGlobalSection
	GlobalSection(ProjectConfigurationPlatforms) = postSolution
		{047944ED-11A3-44B6-A142-B99078669388}.Debug|x64.ActiveCfg = Debug|x64
		{047944ED-11A3-44B6-A142-B99078669388}.Debug|x64.Build.0 = Debug|x64
		{047944ED-11A3-44B6-A142-B99078669388}.Debug|x86.ActiveCfg = Debug|Win32
		{047944ED-11A3-44B6-A142-B99078669388}.Debug|x86.Build.0 = Debug|Win32
		{047944ED-11A3-44B6-A142-B99078669388}.Release|x64.ActiveCfg = Release|x64
		{047944ED-11A3-44B6-A142-B99078669388}.Release|x64.Build.0 = Release|x64
		{047944ED-11A3-44B6-A142-B99078669388}.Release|x86.ActiveCfg = Release|Win32
		{047944ED-11A3-44B6-A142-B99078669388}.Release|x86.Build.0 = Release|Win32
	EndGlobalSection
	GlobalSection(SolutionProperties) = preSolution
		HideSolutionNode = FALSE
	EndGlobalSection
	GlobalSection(ExtensibilityGlobals) = postSolution
		SolutionGuid = {5E4CCC5A-C1D7-4E94-A9C0-304623D3BDF5}
	EndGlobalSection
EndGlobal
